
Microsoft Visual Studio Solution File, Format Version 12.00
# Visual Studio Version 17
VisualStudioVersion = 17.14.36915.13 d17.14
MinimumVisualStudioVersion = 10.0.40219.1
Project("{FAE04EC0-301F-11D3-BF4B-00C04F79EFBC}") = "EliteResort.API", "EliteResort.API.csproj", "{42CE02D9-4CFE-4520-A946-06D1751DE08C}"
EndProject
Global
	GlobalSection(SolutionConfigurationPlatforms) = preSolution
		Debug|Any CPU = Debug|Any CPU
		Release|Any CPU = Release|Any CPU
	EndGlobalSection
	GlobalSection(ProjectConfigurationPlatforms) = postSolution
		{42CE02D9-4CFE-4520-A946-06D1751DE08C}.Debug|Any CPU.ActiveCfg = Debug|Any CPU
		{42CE02D9-4CFE-4520-A946-06D1751DE08C}.Debug|Any CPU.Build.0 = Debug|Any CPU
		{42CE02D9-4CFE-4520-A946-06D1751DE08C}.Release|Any CPU.ActiveCfg = Release|Any CPU
		{42CE02D9-4CFE-4520-A946-06D1751DE08C}.Release|Any CPU.Build.0 = Release|Any CPU
	EndGlobalSection
	GlobalSection(SolutionProperties) = preSolution
		HideSolutionNode = FALSE
	EndGlobalSection
	GlobalSection(ExtensibilityGlobals) = postSolution
		SolutionGuid = {F07AA616-9926-4F70-85BE-A58C3769C5C4}
	EndGlobalSection
EndGlobal
